// !$*UTF8*$!
{
	archiveVersion = 1;
	classes = {
	};
	objectVersion = 56;
	objects = {

/* Begin PBXBuildFile section */
		684905E32BE1E72500E8390C /* LogInViewController.swift in Sources */ = {isa = PBXBuildFile; fileRef = 684905E22BE1E72500E8390C /* LogInViewController.swift */; };
		6856505E2BF1EC4400120B9B /* ProfileTableHederView.swift in Sources */ = {isa = PBXBuildFile; fileRef = 6856505D2BF1EC4400120B9B /* ProfileTableHederView.swift */; };
		685F6DF62BB918770080976F /* ProfileHeaderView.swift in Sources */ = {isa = PBXBuildFile; fileRef = 685F6DF52BB918770080976F /* ProfileHeaderView.swift */; };
		685F6DF82BB918DB0080976F /* ProfileViewController.swift in Sources */ = {isa = PBXBuildFile; fileRef = 685F6DF72BB918DB0080976F /* ProfileViewController.swift */; };
		687E90CB2BFE3D4200BBF24C /* PostTableViewCell.swift in Sources */ = {isa = PBXBuildFile; fileRef = 687E90CA2BFE3D4200BBF24C /* PostTableViewCell.swift */; };
		689C760A2BABF19E005DA6CA /* AppDelegate.swift in Sources */ = {isa = PBXBuildFile; fileRef = 689C76092BABF19E005DA6CA /* AppDelegate.swift */; };
		689C760C2BABF19E005DA6CA /* SceneDelegate.swift in Sources */ = {isa = PBXBuildFile; fileRef = 689C760B2BABF19E005DA6CA /* SceneDelegate.swift */; };
		689C76132BABF19F005DA6CA /* Assets.xcassets in Resources */ = {isa = PBXBuildFile; fileRef = 689C76122BABF19F005DA6CA /* Assets.xcassets */; };
		689C76162BABF19F005DA6CA /* Base in Resources */ = {isa = PBXBuildFile; fileRef = 689C76152BABF19F005DA6CA /* Base */; };
		68A7772A2BF6071A0033325F /* Post.swift in Sources */ = {isa = PBXBuildFile; fileRef = 68A777292BF6071A0033325F /* Post.swift */; };
		68CCB7D92BAEC25200A45F51 /* post.swift in Sources */ = {isa = PBXBuildFile; fileRef = 68CCB7D82BAEC25200A45F51 /* post.swift */; };
		68CCB7DB2BAEDE0E00A45F51 /* InfoViewController.swift in Sources */ = {isa = PBXBuildFile; fileRef = 68CCB7DA2BAEDE0E00A45F51 /* InfoViewController.swift */; };
		68EE03EE2BAD294400EDD0DF /* FeedViewController.swift in Sources */ = {isa = PBXBuildFile; fileRef = 68EE03ED2BAD294400EDD0DF /* FeedViewController.swift */; };
		68EE03F02BAD296000EDD0DF /* ProfileViewControlle_old.swift in Sources */ = {isa = PBXBuildFile; fileRef = 68EE03EF2BAD296000EDD0DF /* ProfileViewControlle_old.swift */; };
		68EE03F22BAD31E900EDD0DF /* PostViewController.swift in Sources */ = {isa = PBXBuildFile; fileRef = 68EE03F12BAD31E900EDD0DF /* PostViewController.swift */; };
/* End PBXBuildFile section */

/* Begin PBXFileReference section */
		684905E22BE1E72500E8390C /* LogInViewController.swift */ = {isa = PBXFileReference; lastKnownFileType = sourcecode.swift; path = LogInViewController.swift; sourceTree = "<group>"; };
		6856505D2BF1EC4400120B9B /* ProfileTableHederView.swift */ = {isa = PBXFileReference; lastKnownFileType = sourcecode.swift; path = ProfileTableHederView.swift; sourceTree = "<group>"; };
		685F6DF52BB918770080976F /* ProfileHeaderView.swift */ = {isa = PBXFileReference; lastKnownFileType = sourcecode.swift; path = ProfileHeaderView.swift; sourceTree = "<group>"; };
		685F6DF72BB918DB0080976F /* ProfileViewController.swift */ = {isa = PBXFileReference; lastKnownFileType = sourcecode.swift; path = ProfileViewController.swift; sourceTree = "<group>"; };
		687E90CA2BFE3D4200BBF24C /* PostTableViewCell.swift */ = {isa = PBXFileReference; fileEncoding = 4; lastKnownFileType = sourcecode.swift; name = PostTableViewCell.swift; path = Navigation/PostTableViewCell.swift; sourceTree = SOURCE_ROOT; };
		689C76062BABF19E005DA6CA /* Navigation.app */ = {isa = PBXFileReference; explicitFileType = wrapper.application; includeInIndex = 0; path = Navigation.app; sourceTree = BUILT_PRODUCTS_DIR; };
		689C76092BABF19E005DA6CA /* AppDelegate.swift */ = {isa = PBXFileReference; lastKnownFileType = sourcecode.swift; path = AppDelegate.swift; sourceTree = "<group>"; };
		689C760B2BABF19E005DA6CA /* SceneDelegate.swift */ = {isa = PBXFileReference; lastKnownFileType = sourcecode.swift; name = SceneDelegate.swift; path = Navigation/SceneDelegate.swift; sourceTree = SOURCE_ROOT; };
		689C76122BABF19F005DA6CA /* Assets.xcassets */ = {isa = PBXFileReference; lastKnownFileType = folder.assetcatalog; path = Assets.xcassets; sourceTree = "<group>"; };
		689C76152BABF19F005DA6CA /* Base */ = {isa = PBXFileReference; lastKnownFileType = file.storyboard; name = Base; path = Base.lproj/LaunchScreen.storyboard; sourceTree = "<group>"; };
		689C76172BABF19F005DA6CA /* Info.plist */ = {isa = PBXFileReference; lastKnownFileType = text.plist.xml; path = Info.plist; sourceTree = "<group>"; };
		68A777292BF6071A0033325F /* Post.swift */ = {isa = PBXFileReference; lastKnownFileType = sourcecode.swift; path = Post.swift; sourceTree = "<group>"; };
		68CCB7D82BAEC25200A45F51 /* post.swift */ = {isa = PBXFileReference; lastKnownFileType = sourcecode.swift; path = post.swift; sourceTree = "<group>"; };
		68CCB7DA2BAEDE0E00A45F51 /* InfoViewController.swift */ = {isa = PBXFileReference; lastKnownFileType = sourcecode.swift; path = InfoViewController.swift; sourceTree = "<group>"; };
		68EE03ED2BAD294400EDD0DF /* FeedViewController.swift */ = {isa = PBXFileReference; lastKnownFileType = sourcecode.swift; path = FeedViewController.swift; sourceTree = "<group>"; };
		68EE03EF2BAD296000EDD0DF /* ProfileViewControlle_old.swift */ = {isa = PBXFileReference; lastKnownFileType = sourcecode.swift; path = ProfileViewControlle_old.swift; sourceTree = "<group>"; };
		68EE03F12BAD31E900EDD0DF /* PostViewController.swift */ = {isa = PBXFileReference; lastKnownFileType = sourcecode.swift; path = PostViewController.swift; sourceTree = "<group>"; };
/* End PBXFileReference section */

/* Begin PBXFrameworksBuildPhase section */
		689C76032BABF19E005DA6CA /* Frameworks */ = {
			isa = PBXFrameworksBuildPhase;
			buildActionMask = 2147483647;
			files = (
			);
			runOnlyForDeploymentPostprocessing = 0;
		};
/* End PBXFrameworksBuildPhase section */

/* Begin PBXGroup section */
		685F6DF22BB917F10080976F /* Profile */ = {
			isa = PBXGroup;
			children = (
				685F6DF52BB918770080976F /* ProfileHeaderView.swift */,
				685F6DF72BB918DB0080976F /* ProfileViewController.swift */,
				684905E22BE1E72500E8390C /* LogInViewController.swift */,
				68A777292BF6071A0033325F /* Post.swift */,
				6856505D2BF1EC4400120B9B /* ProfileTableHederView.swift */,
				687E90CA2BFE3D4200BBF24C /* PostTableViewCell.swift */,
			);
			path = Profile;
			sourceTree = "<group>";
		};
		689C75FD2BABF19E005DA6CA = {
			isa = PBXGroup;
			children = (
				689C76082BABF19E005DA6CA /* Navigation */,
				689C76072BABF19E005DA6CA /* Products */,
			);
			sourceTree = "<group>";
		};
		689C76072BABF19E005DA6CA /* Products */ = {
			isa = PBXGroup;
			children = (
				689C76062BABF19E005DA6CA /* Navigation.app */,
			);
			name = Products;
			sourceTree = "<group>";
		};
		689C76082BABF19E005DA6CA /* Navigation */ = {
			isa = PBXGroup;
			children = (
				685F6DF22BB917F10080976F /* Profile */,
				689C76092BABF19E005DA6CA /* AppDelegate.swift */,
				68EE03F12BAD31E900EDD0DF /* PostViewController.swift */,
				689C760B2BABF19E005DA6CA /* SceneDelegate.swift */,
				68EE03EF2BAD296000EDD0DF /* ProfileViewControlle_old.swift */,
				68CCB7DA2BAEDE0E00A45F51 /* InfoViewController.swift */,
				68EE03ED2BAD294400EDD0DF /* FeedViewController.swift */,
				689C76122BABF19F005DA6CA /* Assets.xcassets */,
				689C76142BABF19F005DA6CA /* LaunchScreen.storyboard */,
				689C76172BABF19F005DA6CA /* Info.plist */,
				68CCB7D82BAEC25200A45F51 /* post.swift */,
			);
			path = Navigation;
			sourceTree = "<group>";
		};
/* End PBXGroup section */

/* Begin PBXNativeTarget section */
		689C76052BABF19E005DA6CA /* Navigation */ = {
			isa = PBXNativeTarget;
			buildConfigurationList = 689C761A2BABF19F005DA6CA /* Build configuration list for PBXNativeTarget "Navigation" */;
			buildPhases = (
				689C76022BABF19E005DA6CA /* Sources */,
				689C76032BABF19E005DA6CA /* Frameworks */,
				689C76042BABF19E005DA6CA /* Resources */,
			);
			buildRules = (
			);
			dependencies = (
			);
			name = Navigation;
			productName = Navigation;
			productReference = 689C76062BABF19E005DA6CA /* Navigation.app */;
			productType = "com.apple.product-type.application";
		};
/* End PBXNativeTarget section */

/* Begin PBXProject section */
		689C75FE2BABF19E005DA6CA /* Project object */ = {
			isa = PBXProject;
			attributes = {
				BuildIndependentTargetsInParallel = 1;
				LastSwiftUpdateCheck = 1530;
				LastUpgradeCheck = 1530;
				TargetAttributes = {
					689C76052BABF19E005DA6CA = {
						CreatedOnToolsVersion = 15.3;
					};
				};
			};
			buildConfigurationList = 689C76012BABF19E005DA6CA /* Build configuration list for PBXProject "Navigation" */;
			compatibilityVersion = "Xcode 14.0";
			developmentRegion = en;
			hasScannedForEncodings = 0;
			knownRegions = (
				en,
				Base,
			);
			mainGroup = 689C75FD2BABF19E005DA6CA;
			productRefGroup = 689C76072BABF19E005DA6CA /* Products */;
			projectDirPath = "";
			projectRoot = "";
			targets = (
				689C76052BABF19E005DA6CA /* Navigation */,
			);
		};
/* End PBXProject section */

/* Begin PBXResourcesBuildPhase section */
		689C76042BABF19E005DA6CA /* Resources */ = {
			isa = PBXResourcesBuildPhase;
			buildActionMask = 2147483647;
			files = (
				689C76132BABF19F005DA6CA /* Assets.xcassets in Resources */,
				689C76162BABF19F005DA6CA /* Base in Resources */,
			);
			runOnlyForDeploymentPostprocessing = 0;
		};
/* End PBXResourcesBuildPhase section */

/* Begin PBXSourcesBuildPhase section */
		689C76022BABF19E005DA6CA /* Sources */ = {
			isa = PBXSourcesBuildPhase;
			buildActionMask = 2147483647;
			files = (
				689C760A2BABF19E005DA6CA /* AppDelegate.swift in Sources */,
				6856505E2BF1EC4400120B9B /* ProfileTableHederView.swift in Sources */,
				68EE03F02BAD296000EDD0DF /* ProfileViewControlle_old.swift in Sources */,
				68A7772A2BF6071A0033325F /* Post.swift in Sources */,
				68EE03EE2BAD294400EDD0DF /* FeedViewController.swift in Sources */,
				68CCB7DB2BAEDE0E00A45F51 /* InfoViewController.swift in Sources */,
				687E90CB2BFE3D4200BBF24C /* PostTableViewCell.swift in Sources */,
				68CCB7D92BAEC25200A45F51 /* post.swift in Sources */,
				689C760C2BABF19E005DA6CA /* SceneDelegate.swift in Sources */,
				685F6DF82BB918DB0080976F /* ProfileViewController.swift in Sources */,
				68EE03F22BAD31E900EDD0DF /* PostViewController.swift in Sources */,
				684905E32BE1E72500E8390C /* LogInViewController.swift in Sources */,
				685F6DF62BB918770080976F /* ProfileHeaderView.swift in Sources */,
			);
			runOnlyForDeploymentPostprocessing = 0;
		};
/* End PBXSourcesBuildPhase section */

/* Begin PBXVariantGroup section */
		689C76142BABF19F005DA6CA /* LaunchScreen.storyboard */ = {
			isa = PBXVariantGroup;
			children = (
				689C76152BABF19F005DA6CA /* Base */,
			);
			name = LaunchScreen.storyboard;
			sourceTree = "<group>";
		};
/* End PBXVariantGroup section */

/* Begin XCBuildConfiguration section */
		689C76182BABF19F005DA6CA /* Debug */ = {
			isa = XCBuildConfiguration;
			buildSettings = {
				ALWAYS_SEARCH_USER_PATHS = NO;
				ASSETCATALOG_COMPILER_GENERATE_SWIFT_ASSET_SYMBOL_EXTENSIONS = YES;
				CLANG_ANALYZER_NONNULL = YES;
				CLANG_ANALYZER_NUMBER_OBJECT_CONVERSION = YES_AGGRESSIVE;
				CLANG_CXX_LANGUAGE_STANDARD = "gnu++20";
				CLANG_ENABLE_MODULES = YES;
				CLANG_ENABLE_OBJC_ARC = YES;
				CLANG_ENABLE_OBJC_WEAK = YES;
				CLANG_WARN_BLOCK_CAPTURE_AUTORELEASING = YES;
				CLANG_WARN_BOOL_CONVERSION = YES;
				CLANG_WARN_COMMA = YES;
				CLANG_WARN_CONSTANT_CONVERSION = YES;
				CLANG_WARN_DEPRECATED_OBJC_IMPLEMENTATIONS = YES;
				CLANG_WARN_DIRECT_OBJC_ISA_USAGE = YES_ERROR;
				CLANG_WARN_DOCUMENTATION_COMMENTS = YES;
				CLANG_WARN_EMPTY_BODY = YES;
				CLANG_WARN_ENUM_CONVERSION = YES;
				CLANG_WARN_INFINITE_RECURSION = YES;
				CLANG_WARN_INT_CONVERSION = YES;
				CLANG_WARN_NON_LITERAL_NULL_CONVERSION = YES;
				CLANG_WARN_OBJC_IMPLICIT_RETAIN_SELF = YES;
				CLANG_WARN_OBJC_LITERAL_CONVERSION = YES;
				CLANG_WARN_OBJC_ROOT_CLASS = YES_ERROR;
				CLANG_WARN_QUOTED_INCLUDE_IN_FRAMEWORK_HEADER = YES;
				CLANG_WARN_RANGE_LOOP_ANALYSIS = YES;
				CLANG_WARN_STRICT_PROTOTYPES = YES;
				CLANG_WARN_SUSPICIOUS_MOVE = YES;
				CLANG_WARN_UNGUARDED_AVAILABILITY = YES_AGGRESSIVE;
				CLANG_WARN_UNREACHABLE_CODE = YES;
				CLANG_WARN__DUPLICATE_METHOD_MATCH = YES;
				COPY_PHASE_STRIP = NO;
				DEBUG_INFORMATION_FORMAT = dwarf;
				ENABLE_STRICT_OBJC_MSGSEND = YES;
				ENABLE_TESTABILITY = YES;
				ENABLE_USER_SCRIPT_SANDBOXING = YES;
				GCC_C_LANGUAGE_STANDARD = gnu17;
				GCC_DYNAMIC_NO_PIC = NO;
				GCC_NO_COMMON_BLOCKS = YES;
				GCC_OPTIMIZATION_LEVEL = 0;
				GCC_PREPROCESSOR_DEFINITIONS = (
					"DEBUG=1",
					"$(inherited)",
				);
				GCC_WARN_64_TO_32_BIT_CONVERSION = YES;
				GCC_WARN_ABOUT_RETURN_TYPE = YES_ERROR;
				GCC_WARN_UNDECLARED_SELECTOR = YES;
				GCC_WARN_UNINITIALIZED_AUTOS = YES_AGGRESSIVE;
				GCC_WARN_UNUSED_FUNCTION = YES;
				GCC_WARN_UNUSED_VARIABLE = YES;
				IPHONEOS_DEPLOYMENT_TARGET = 17.4;
				LOCALIZATION_PREFERS_STRING_CATALOGS = YES;
				MTL_ENABLE_DEBUG_INFO = INCLUDE_SOURCE;
				MTL_FAST_MATH = YES;
				ONLY_ACTIVE_ARCH = YES;
				SDKROOT = iphoneos;
				SWIFT_ACTIVE_COMPILATION_CONDITIONS = "DEBUG $(inherited)";
				SWIFT_OPTIMIZATION_LEVEL = "-Onone";
			};
			name = Debug;
		};
		689C76192BABF19F005DA6CA /* Release */ = {
			isa = XCBuildConfiguration;
			buildSettings = {
				ALWAYS_SEARCH_USER_PATHS = NO;
				ASSETCATALOG_COMPILER_GENERATE_SWIFT_ASSET_SYMBOL_EXTENSIONS = YES;
				CLANG_ANALYZER_NONNULL = YES;
				CLANG_ANALYZER_NUMBER_OBJECT_CONVERSION = YES_AGGRESSIVE;
				CLANG_CXX_LANGUAGE_STANDARD = "gnu++20";
				CLANG_ENABLE_MODULES = YES;
				CLANG_ENABLE_OBJC_ARC = YES;
				CLANG_ENABLE_OBJC_WEAK = YES;
				CLANG_WARN_BLOCK_CAPTURE_AUTORELEASING = YES;
				CLANG_WARN_BOOL_CONVERSION = YES;
				CLANG_WARN_COMMA = YES;
				CLANG_WARN_CONSTANT_CONVERSION = YES;
				CLANG_WARN_DEPRECATED_OBJC_IMPLEMENTATIONS = YES;
				CLANG_WARN_DIRECT_OBJC_ISA_USAGE = YES_ERROR;
				CLANG_WARN_DOCUMENTATION_COMMENTS = YES;
				CLANG_WARN_EMPTY_BODY = YES;
				CLANG_WARN_ENUM_CONVERSION = YES;
				CLANG_WARN_INFINITE_RECURSION = YES;
				CLANG_WARN_INT_CONVERSION = YES;
				CLANG_WARN_NON_LITERAL_NULL_CONVERSION = YES;
				CLANG_WARN_OBJC_IMPLICIT_RETAIN_SELF = YES;
				CLANG_WARN_OBJC_LITERAL_CONVERSION = YES;
				CLANG_WARN_OBJC_ROOT_CLASS = YES_ERROR;
				CLANG_WARN_QUOTED_INCLUDE_IN_FRAMEWORK_HEADER = YES;
				CLANG_WARN_RANGE_LOOP_ANALYSIS = YES;
				CLANG_WARN_STRICT_PROTOTYPES = YES;
				CLANG_WARN_SUSPICIOUS_MOVE = YES;
				CLANG_WARN_UNGUARDED_AVAILABILITY = YES_AGGRESSIVE;
				CLANG_WARN_UNREACHABLE_CODE = YES;
				CLANG_WARN__DUPLICATE_METHOD_MATCH = YES;
				COPY_PHASE_STRIP = NO;
				DEBUG_INFORMATION_FORMAT = "dwarf-with-dsym";
				ENABLE_NS_ASSERTIONS = NO;
				ENABLE_STRICT_OBJC_MSGSEND = YES;
				ENABLE_USER_SCRIPT_SANDBOXING = YES;
				GCC_C_LANGUAGE_STANDARD = gnu17;
				GCC_NO_COMMON_BLOCKS = YES;
				GCC_WARN_64_TO_32_BIT_CONVERSION = YES;
				GCC_WARN_ABOUT_RETURN_TYPE = YES_ERROR;
				GCC_WARN_UNDECLARED_SELECTOR = YES;
				GCC_WARN_UNINITIALIZED_AUTOS = YES_AGGRESSIVE;
				GCC_WARN_UNUSED_FUNCTION = YES;
				GCC_WARN_UNUSED_VARIABLE = YES;
				IPHONEOS_DEPLOYMENT_TARGET = 17.4;
				LOCALIZATION_PREFERS_STRING_CATALOGS = YES;
				MTL_ENABLE_DEBUG_INFO = NO;
				MTL_FAST_MATH = YES;
				SDKROOT = iphoneos;
				SWIFT_COMPILATION_MODE = wholemodule;
				VALIDATE_PRODUCT = YES;
			};
			name = Release;
		};
		689C761B2BABF19F005DA6CA /* Debug */ = {
			isa = XCBuildConfiguration;
			buildSettings = {
				ASSETCATALOG_COMPILER_APPICON_NAME = AppIcon;
				ASSETCATALOG_COMPILER_GLOBAL_ACCENT_COLOR_NAME = AccentColor;
				CODE_SIGN_STYLE = Automatic;
				CURRENT_PROJECT_VERSION = 1;
				GENERATE_INFOPLIST_FILE = YES;
				INFOPLIST_FILE = Navigation/Info.plist;
				INFOPLIST_KEY_UIApplicationSupportsIndirectInputEvents = YES;
				INFOPLIST_KEY_UILaunchStoryboardName = LaunchScreen;
				INFOPLIST_KEY_UISupportedInterfaceOrientations_iPad = "UIInterfaceOrientationPortrait UIInterfaceOrientationPortraitUpsideDown UIInterfaceOrientationLandscapeLeft UIInterfaceOrientationLandscapeRight";
				INFOPLIST_KEY_UISupportedInterfaceOrientations_iPhone = "UIInterfaceOrientationPortrait UIInterfaceOrientationLandscapeLeft UIInterfaceOrientationLandscapeRight";
				LD_RUNPATH_SEARCH_PATHS = (
					"$(inherited)",
					"@executable_path/Frameworks",
				);
				MARKETING_VERSION = 1.0;
				PRODUCT_BUNDLE_IDENTIFIER = com.test.first.Navigation;
				PRODUCT_NAME = "$(TARGET_NAME)";
				SWIFT_EMIT_LOC_STRINGS = YES;
				SWIFT_VERSION = 5.0;
				TARGETED_DEVICE_FAMILY = 1;
			};
			name = Debug;
		};
		689C761C2BABF19F005DA6CA /* Release */ = {
			isa = XCBuildConfiguration;
			buildSettings = {
				ASSETCATALOG_COMPILER_APPICON_NAME = AppIcon;
				ASSETCATALOG_COMPILER_GLOBAL_ACCENT_COLOR_NAME = AccentColor;
				CODE_SIGN_STYLE = Automatic;
				CURRENT_PROJECT_VERSION = 1;
				GENERATE_INFOPLIST_FILE = YES;
				INFOPLIST_FILE = Navigation/Info.plist;
				INFOPLIST_KEY_UIApplicationSupportsIndirectInputEvents = YES;
				INFOPLIST_KEY_UILaunchStoryboardName = LaunchScreen;
				INFOPLIST_KEY_UISupportedInterfaceOrientations_iPad = "UIInterfaceOrientationPortrait UIInterfaceOrientationPortraitUpsideDown UIInterfaceOrientationLandscapeLeft UIInterfaceOrientationLandscapeRight";
				INFOPLIST_KEY_UISupportedInterfaceOrientations_iPhone = "UIInterfaceOrientationPortrait UIInterfaceOrientationLandscapeLeft UIInterfaceOrientationLandscapeRight";
				LD_RUNPATH_SEARCH_PATHS = (
					"$(inherited)",
					"@executable_path/Frameworks",
				);
				MARKETING_VERSION = 1.0;
				PRODUCT_BUNDLE_IDENTIFIER = com.test.first.Navigation;
				PRODUCT_NAME = "$(TARGET_NAME)";
				SWIFT_EMIT_LOC_STRINGS = YES;
				SWIFT_VERSION = 5.0;
				TARGETED_DEVICE_FAMILY = 1;
			};
			name = Release;
		};
/* End XCBuildConfiguration section */

/* Begin XCConfigurationList section */
		689C76012BABF19E005DA6CA /* Build configuration list for PBXProject "Navigation" */ = {
			isa = XCConfigurationList;
			buildConfigurations = (
				689C76182BABF19F005DA6CA /* Debug */,
				689C76192BABF19F005DA6CA /* Release */,
			);
			defaultConfigurationIsVisible = 0;
			defaultConfigurationName = Release;
		};
		689C761A2BABF19F005DA6CA /* Build configuration list for PBXNativeTarget "Navigation" */ = {
			isa = XCConfigurationList;
			buildConfigurations = (
				689C761B2BABF19F005DA6CA /* Debug */,
				689C761C2BABF19F005DA6CA /* Release */,
			);
			defaultConfigurationIsVisible = 0;
			defaultConfigurationName = Release;
		};
/* End XCConfigurationList section */
	};
	rootObject = 689C75FE2BABF19E005DA6CA /* Project object */;
}
